
Microsoft Visual Studio Solution File, Format Version 12.00
# Visual Studio Version 16
VisualStudioVersion = 16.0.31205.134
MinimumVisualStudioVersion = 10.0.40219.1
Project("{FAE04EC0-301F-11D3-BF4B-00C04F79EFBC}") = "fpm-for-VS", "fpm-for-VS.csproj", "{BCF90366-A706-49C3-B6E9-D69A2253D31E}"
EndProject
Project("{2150E333-8FDC-42A3-9474-1A3956D46DE8}") = "Solution Items", "Solution Items", "{098F0810-0E43-4325-9F7D-117D13903793}"
	ProjectSection(SolutionItems) = preProject
		appveyor.yml = appveyor.yml
		CHANGELOG.md = CHANGELOG.md
		README.md = README.md
	EndProjectSection
EndProject
Global
	GlobalSection(SolutionConfigurationPlatforms) = preSolution
		Debug|Any CPU = Debug|Any CPU
		Release|Any CPU = Release|Any CPU
	EndGlobalSection
	GlobalSection(ProjectConfigurationPlatforms) = postSolution
		{BCF90366-A706-49C3-B6E9-D69A2253D31E}.Debug|Any CPU.ActiveCfg = Debug|Any CPU
		{BCF90366-A706-49C3-B6E9-D69A2253D31E}.Debug|Any CPU.Build.0 = Debug|Any CPU
		{BCF90366-A706-49C3-B6E9-D69A2253D31E}.Release|Any CPU.ActiveCfg = Release|Any CPU
		{BCF90366-A706-49C3-B6E9-D69A2253D31E}.Release|Any CPU.Build.0 = Release|Any CPU
	EndGlobalSection
	GlobalSection(SolutionProperties) = preSolution
		HideSolutionNode = FALSE
	EndGlobalSection
	GlobalSection(ExtensibilityGlobals) = postSolution
		SolutionGuid = {F5322CED-F993-4E99-8CD8-CE9A10D3FE25}
	EndGlobalSection
EndGlobal
